// !$*UTF8*$!
{
	archiveVersion = 1;
	classes = {
	};
	objectVersion = 46;
	objects = {

/* Begin PBXBuildFile section */
		B3ED5DE819EE1B6E00897C1E /* AppDelegate.swift in Sources */ = {isa = PBXBuildFile; fileRef = B3ED5DE719EE1B6E00897C1E /* AppDelegate.swift */; };
		B3ED5DEA19EE1B6E00897C1E /* ViewController.swift in Sources */ = {isa = PBXBuildFile; fileRef = B3ED5DE919EE1B6E00897C1E /* ViewController.swift */; };
		B3ED5DED19EE1B6F00897C1E /* Main.storyboard in Resources */ = {isa = PBXBuildFile; fileRef = B3ED5DEB19EE1B6F00897C1E /* Main.storyboard */; };
		B3ED5DEF19EE1B6F00897C1E /* Images.xcassets in Resources */ = {isa = PBXBuildFile; fileRef = B3ED5DEE19EE1B6F00897C1E /* Images.xcassets */; };
		B3ED5DF219EE1B6F00897C1E /* LaunchScreen.xib in Resources */ = {isa = PBXBuildFile; fileRef = B3ED5DF019EE1B6F00897C1E /* LaunchScreen.xib */; };
		B3ED5DFE19EE1B6F00897C1E /* ShellpTests.swift in Sources */ = {isa = PBXBuildFile; fileRef = B3ED5DFD19EE1B6F00897C1E /* ShellpTests.swift */; };
/* End PBXBuildFile section */

/* Begin PBXContainerItemProxy section */
		B3ED5DF819EE1B6F00897C1E /* PBXContainerItemProxy */ = {
			isa = PBXContainerItemProxy;
			containerPortal = B3ED5DDA19EE1B6D00897C1E /* Project object */;
			proxyType = 1;
			remoteGlobalIDString = B3ED5DE119EE1B6E00897C1E;
			remoteInfo = Shellp;
		};
/* End PBXContainerItemProxy section */

/* Begin PBXFileReference section */
		B3ED5DE219EE1B6E00897C1E /* Shellp.app */ = {isa = PBXFileReference; explicitFileType = wrapper.application; includeInIndex = 0; path = Shellp.app; sourceTree = BUILT_PRODUCTS_DIR; };
		B3ED5DE619EE1B6E00897C1E /* Info.plist */ = {isa = PBXFileReference; lastKnownFileType = text.plist.xml; path = Info.plist; sourceTree = "<group>"; };
		B3ED5DE719EE1B6E00897C1E /* AppDelegate.swift */ = {isa = PBXFileReference; lastKnownFileType = sourcecode.swift; path = AppDelegate.swift; sourceTree = "<group>"; };
		B3ED5DE919EE1B6E00897C1E /* ViewController.swift */ = {isa = PBXFileReference; lastKnownFileType = sourcecode.swift; path = ViewController.swift; sourceTree = "<group>"; };
		B3ED5DEC19EE1B6F00897C1E /* Base */ = {isa = PBXFileReference; lastKnownFileType = file.storyboard; name = Base; path = Base.lproj/Main.storyboard; sourceTree = "<group>"; };
		B3ED5DEE19EE1B6F00897C1E /* Images.xcassets */ = {isa = PBXFileReference; lastKnownFileType = folder.assetcatalog; path = Images.xcassets; sourceTree = "<group>"; };
		B3ED5DF119EE1B6F00897C1E /* Base */ = {isa = PBXFileReference; lastKnownFileType = file.xib; name = Base; path = Base.lproj/LaunchScreen.xib; sourceTree = "<group>"; };
		B3ED5DF719EE1B6F00897C1E /* ShellpTests.xctest */ = {isa = PBXFileReference; explicitFileType = wrapper.cfbundle; includeInIndex = 0; path = ShellpTests.xctest; sourceTree = BUILT_PRODUCTS_DIR; };
		B3ED5DFC19EE1B6F00897C1E /* Info.plist */ = {isa = PBXFileReference; lastKnownFileType = text.plist.xml; path = Info.plist; sourceTree = "<group>"; };
		B3ED5DFD19EE1B6F00897C1E /* ShellpTests.swift */ = {isa = PBXFileReference; lastKnownFileType = sourcecode.swift; path = ShellpTests.swift; sourceTree = "<group>"; };
/* End PBXFileReference section */

/* Begin PBXFrameworksBuildPhase section */
		B3ED5DDF19EE1B6E00897C1E /* Frameworks */ = {
			isa = PBXFrameworksBuildPhase;
			buildActionMask = 2147483647;
			files = (
			);
			runOnlyForDeploymentPostprocessing = 0;
		};
		B3ED5DF419EE1B6F00897C1E /* Frameworks */ = {
			isa = PBXFrameworksBuildPhase;
			buildActionMask = 2147483647;
			files = (
			);
			runOnlyForDeploymentPostprocessing = 0;
		};
/* End PBXFrameworksBuildPhase section */

/* Begin PBXGroup section */
		B3ED5DD919EE1B6D00897C1E = {
			isa = PBXGroup;
			children = (
				B3ED5DE419EE1B6E00897C1E /* Shellp */,
				B3ED5DFA19EE1B6F00897C1E /* ShellpTests */,
				B3ED5DE319EE1B6E00897C1E /* Products */,
			);
			sourceTree = "<group>";
		};
		B3ED5DE319EE1B6E00897C1E /* Products */ = {
			isa = PBXGroup;
			children = (
				B3ED5DE219EE1B6E00897C1E /* Shellp.app */,
				B3ED5DF719EE1B6F00897C1E /* ShellpTests.xctest */,
			);
			name = Products;
			sourceTree = "<group>";
		};
		B3ED5DE419EE1B6E00897C1E /* Shellp */ = {
			isa = PBXGroup;
			children = (
				B3ED5DE719EE1B6E00897C1E /* AppDelegate.swift */,
				B3ED5DE919EE1B6E00897C1E /* ViewController.swift */,
				B3ED5DEB19EE1B6F00897C1E /* Main.storyboard */,
				B3ED5DEE19EE1B6F00897C1E /* Images.xcassets */,
				B3ED5DF019EE1B6F00897C1E /* LaunchScreen.xib */,
				B3ED5DE519EE1B6E00897C1E /* Supporting Files */,
			);
			path = Shellp;
			sourceTree = "<group>";
		};
		B3ED5DE519EE1B6E00897C1E /* Supporting Files */ = {
			isa = PBXGroup;
			children = (
				B3ED5DE619EE1B6E00897C1E /* Info.plist */,
			);
			name = "Supporting Files";
			sourceTree = "<group>";
		};
		B3ED5DFA19EE1B6F00897C1E /* ShellpTests */ = {
			isa = PBXGroup;
			children = (
				B3ED5DFD19EE1B6F00897C1E /* ShellpTests.swift */,
				B3ED5DFB19EE1B6F00897C1E /* Supporting Files */,
			);
			path = ShellpTests;
			sourceTree = "<group>";
		};
		B3ED5DFB19EE1B6F00897C1E /* Supporting Files */ = {
			isa = PBXGroup;
			children = (
				B3ED5DFC19EE1B6F00897C1E /* Info.plist */,
			);
			name = "Supporting Files";
			sourceTree = "<group>";
		};
/* End PBXGroup section */

/* Begin PBXNativeTarget section */
		B3ED5DE119EE1B6E00897C1E /* Shellp */ = {
			isa = PBXNativeTarget;
			buildConfigurationList = B3ED5E0119EE1B6F00897C1E /* Build configuration list for PBXNativeTarget "Shellp" */;
			buildPhases = (
				B3ED5DDE19EE1B6E00897C1E /* Sources */,
				B3ED5DDF19EE1B6E00897C1E /* Frameworks */,
				B3ED5DE019EE1B6E00897C1E /* Resources */,
			);
			buildRules = (
			);
			dependencies = (
			);
			name = Shellp;
			productName = Shellp;
			productReference = B3ED5DE219EE1B6E00897C1E /* Shellp.app */;
			productType = "com.apple.product-type.application";
		};
		B3ED5DF619EE1B6F00897C1E /* ShellpTests */ = {
			isa = PBXNativeTarget;
			buildConfigurationList = B3ED5E0419EE1B6F00897C1E /* Build configuration list for PBXNativeTarget "ShellpTests" */;
			buildPhases = (
				B3ED5DF319EE1B6F00897C1E /* Sources */,
				B3ED5DF419EE1B6F00897C1E /* Frameworks */,
				B3ED5DF519EE1B6F00897C1E /* Resources */,
			);
			buildRules = (
			);
			dependencies = (
				B3ED5DF919EE1B6F00897C1E /* PBXTargetDependency */,
			);
			name = ShellpTests;
			productName = ShellpTests;
			productReference = B3ED5DF719EE1B6F00897C1E /* ShellpTests.xctest */;
			productType = "com.apple.product-type.bundle.unit-test";
		};
/* End PBXNativeTarget section */

/* Begin PBXProject section */
		B3ED5DDA19EE1B6D00897C1E /* Project object */ = {
			isa = PBXProject;
			attributes = {
				LastUpgradeCheck = 0600;
				ORGANIZATIONNAME = "Kieran Raftery";
				TargetAttributes = {
					B3ED5DE119EE1B6E00897C1E = {
						CreatedOnToolsVersion = 6.0.1;
					};
					B3ED5DF619EE1B6F00897C1E = {
						CreatedOnToolsVersion = 6.0.1;
						TestTargetID = B3ED5DE119EE1B6E00897C1E;
					};
				};
			};
			buildConfigurationList = B3ED5DDD19EE1B6D00897C1E /* Build configuration list for PBXProject "Shellp" */;
			compatibilityVersion = "Xcode 3.2";
			developmentRegion = English;
			hasScannedForEncodings = 0;
			knownRegions = (
				en,
				Base,
			);
			mainGroup = B3ED5DD919EE1B6D00897C1E;
			productRefGroup = B3ED5DE319EE1B6E00897C1E /* Products */;
			projectDirPath = "";
			projectRoot = "";
			targets = (
				B3ED5DE119EE1B6E00897C1E /* Shellp */,
				B3ED5DF619EE1B6F00897C1E /* ShellpTests */,
			);
		};
/* End PBXProject section */

/* Begin PBXResourcesBuildPhase section */
		B3ED5DE019EE1B6E00897C1E /* Resources */ = {
			isa = PBXResourcesBuildPhase;
			buildActionMask = 2147483647;
			files = (
				B3ED5DED19EE1B6F00897C1E /* Main.storyboard in Resources */,
				B3ED5DF219EE1B6F00897C1E /* LaunchScreen.xib in Resources */,
				B3ED5DEF19EE1B6F00897C1E /* Images.xcassets in Resources */,
			);
			runOnlyForDeploymentPostprocessing = 0;
		};
		B3ED5DF519EE1B6F00897C1E /* Resources */ = {
			isa = PBXResourcesBuildPhase;
			buildActionMask = 2147483647;
			files = (
			);
			runOnlyForDeploymentPostprocessing = 0;
		};
/* End PBXResourcesBuildPhase section */

/* Begin PBXSourcesBuildPhase section */
		B3ED5DDE19EE1B6E00897C1E /* Sources */ = {
			isa = PBXSourcesBuildPhase;
			buildActionMask = 2147483647;
			files = (
				B3ED5DEA19EE1B6E00897C1E /* ViewController.swift in Sources */,
				B3ED5DE819EE1B6E00897C1E /* AppDelegate.swift in Sources */,
			);
			runOnlyForDeploymentPostprocessing = 0;
		};
		B3ED5DF319EE1B6F00897C1E /* Sources */ = {
			isa = PBXSourcesBuildPhase;
			buildActionMask = 2147483647;
			files = (
				B3ED5DFE19EE1B6F00897C1E /* ShellpTests.swift in Sources */,
			);
			runOnlyForDeploymentPostprocessing = 0;
		};
/* End PBXSourcesBuildPhase section */

/* Begin PBXTargetDependency section */
		B3ED5DF919EE1B6F00897C1E /* PBXTargetDependency */ = {
			isa = PBXTargetDependency;
			target = B3ED5DE119EE1B6E00897C1E /* Shellp */;
			targetProxy = B3ED5DF819EE1B6F00897C1E /* PBXContainerItemProxy */;
		};
/* End PBXTargetDependency section */

/* Begin PBXVariantGroup section */
		B3ED5DEB19EE1B6F00897C1E /* Main.storyboard */ = {
			isa = PBXVariantGroup;
			children = (
				B3ED5DEC19EE1B6F00897C1E /* Base */,
			);
			name = Main.storyboard;
			sourceTree = "<group>";
		};
		B3ED5DF019EE1B6F00897C1E /* LaunchScreen.xib */ = {
			isa = PBXVariantGroup;
			children = (
				B3ED5DF119EE1B6F00897C1E /* Base */,
			);
			name = LaunchScreen.xib;
			sourceTree = "<group>";
		};
/* End PBXVariantGroup section */

/* Begin XCBuildConfiguration section */
		B3ED5DFF19EE1B6F00897C1E /* Debug */ = {
			isa = XCBuildConfiguration;
			buildSettings = {
				ALWAYS_SEARCH_USER_PATHS = NO;
				CLANG_CXX_LANGUAGE_STANDARD = "gnu++0x";
				CLANG_CXX_LIBRARY = "libc++";
				CLANG_ENABLE_MODULES = YES;
				CLANG_ENABLE_OBJC_ARC = YES;
				CLANG_WARN_BOOL_CONVERSION = YES;
				CLANG_WARN_CONSTANT_CONVERSION = YES;
				CLANG_WARN_DIRECT_OBJC_ISA_USAGE = YES_ERROR;
				CLANG_WARN_EMPTY_BODY = YES;
				CLANG_WARN_ENUM_CONVERSION = YES;
				CLANG_WARN_INT_CONVERSION = YES;
				CLANG_WARN_OBJC_ROOT_CLASS = YES_ERROR;
				CLANG_WARN_UNREACHABLE_CODE = YES;
				CLANG_WARN__DUPLICATE_METHOD_MATCH = YES;
				"CODE_SIGN_IDENTITY[sdk=iphoneos*]" = "iPhone Developer";
				COPY_PHASE_STRIP = NO;
				ENABLE_STRICT_OBJC_MSGSEND = YES;
				GCC_C_LANGUAGE_STANDARD = gnu99;
				GCC_DYNAMIC_NO_PIC = NO;
				GCC_OPTIMIZATION_LEVEL = 0;
				GCC_PREPROCESSOR_DEFINITIONS = (
					"DEBUG=1",
					"$(inherited)",
				);
				GCC_SYMBOLS_PRIVATE_EXTERN = NO;
				GCC_WARN_64_TO_32_BIT_CONVERSION = YES;
				GCC_WARN_ABOUT_RETURN_TYPE = YES_ERROR;
				GCC_WARN_UNDECLARED_SELECTOR = YES;
				GCC_WARN_UNINITIALIZED_AUTOS = YES_AGGRESSIVE;
				GCC_WARN_UNUSED_FUNCTION = YES;
				GCC_WARN_UNUSED_VARIABLE = YES;
				IPHONEOS_DEPLOYMENT_TARGET = 8.0;
				MTL_ENABLE_DEBUG_INFO = YES;
				ONLY_ACTIVE_ARCH = YES;
				SDKROOT = iphoneos;
				SWIFT_OPTIMIZATION_LEVEL = "-Onone";
			};
			name = Debug;
		};
		B3ED5E0019EE1B6F00897C1E /* Release */ = {
			isa = XCBuildConfiguration;
			buildSettings = {
				ALWAYS_SEARCH_USER_PATHS = NO;
				CLANG_CXX_LANGUAGE_STANDARD = "gnu++0x";
				CLANG_CXX_LIBRARY = "libc++";
				CLANG_ENABLE_MODULES = YES;
				CLANG_ENABLE_OBJC_ARC = YES;
				CLANG_WARN_BOOL_CONVERSION = YES;
				CLANG_WARN_CONSTANT_CONVERSION = YES;
				CLANG_WARN_DIRECT_OBJC_ISA_USAGE = YES_ERROR;
				CLANG_WARN_EMPTY_BODY = YES;
				CLANG_WARN_ENUM_CONVERSION = YES;
				CLANG_WARN_INT_CONVERSION = YES;
				CLANG_WARN_OBJC_ROOT_CLASS = YES_ERROR;
				CLANG_WARN_UNREACHABLE_CODE = YES;
				CLANG_WARN__DUPLICATE_METHOD_MATCH = YES;
				"CODE_SIGN_IDENTITY[sdk=iphoneos*]" = "iPhone Developer";
				COPY_PHASE_STRIP = YES;
				ENABLE_NS_ASSERTIONS = NO;
				ENABLE_STRICT_OBJC_MSGSEND = YES;
				GCC_C_LANGUAGE_STANDARD = gnu99;
				GCC_WARN_64_TO_32_BIT_CONVERSION = YES;
				GCC_WARN_ABOUT_RETURN_TYPE = YES_ERROR;
				GCC_WARN_UNDECLARED_SELECTOR = YES;
				GCC_WARN_UNINITIALIZED_AUTOS = YES_AGGRESSIVE;
				GCC_WARN_UNUSED_FUNCTION = YES;
				GCC_WARN_UNUSED_VARIABLE = YES;
				IPHONEOS_DEPLOYMENT_TARGET = 8.0;
				MTL_ENABLE_DEBUG_INFO = NO;
				SDKROOT = iphoneos;
				VALIDATE_PRODUCT = YES;
			};
			name = Release;
		};
		B3ED5E0219EE1B6F00897C1E /* Debug */ = {
			isa = XCBuildConfiguration;
			buildSettings = {
				ASSETCATALOG_COMPILER_APPICON_NAME = AppIcon;
				INFOPLIST_FILE = Shellp/Info.plist;
				LD_RUNPATH_SEARCH_PATHS = "$(inherited) @executable_path/Frameworks";
				PRODUCT_NAME = "$(TARGET_NAME)";
			};
			name = Debug;
		};
		B3ED5E0319EE1B6F00897C1E /* Release */ = {
			isa = XCBuildConfiguration;
			buildSettings = {
				ASSETCATALOG_COMPILER_APPICON_NAME = AppIcon;
				INFOPLIST_FILE = Shellp/Info.plist;
				LD_RUNPATH_SEARCH_PATHS = "$(inherited) @executable_path/Frameworks";
				PRODUCT_NAME = "$(TARGET_NAME)";
			};
			name = Release;
		};
		B3ED5E0519EE1B6F00897C1E /* Debug */ = {
			isa = XCBuildConfiguration;
			buildSettings = {
				BUNDLE_LOADER = "$(TEST_HOST)";
				FRAMEWORK_SEARCH_PATHS = (
					"$(SDKROOT)/Developer/Library/Frameworks",
					"$(inherited)",
				);
				GCC_PREPROCESSOR_DEFINITIONS = (
					"DEBUG=1",
					"$(inherited)",
				);
				INFOPLIST_FILE = ShellpTests/Info.plist;
				LD_RUNPATH_SEARCH_PATHS = "$(inherited) @executable_path/Frameworks @loader_path/Frameworks";
				PRODUCT_NAME = "$(TARGET_NAME)";
				TEST_HOST = "$(BUILT_PRODUCTS_DIR)/Shellp.app/Shellp";
			};
			name = Debug;
		};
		B3ED5E0619EE1B6F00897C1E /* Release */ = {
			isa = XCBuildConfiguration;
			buildSettings = {
				BUNDLE_LOADER = "$(TEST_HOST)";
				FRAMEWORK_SEARCH_PATHS = (
					"$(SDKROOT)/Developer/Library/Frameworks",
					"$(inherited)",
				);
				INFOPLIST_FILE = ShellpTests/Info.plist;
				LD_RUNPATH_SEARCH_PATHS = "$(inherited) @executable_path/Frameworks @loader_path/Frameworks";
				PRODUCT_NAME = "$(TARGET_NAME)";
				TEST_HOST = "$(BUILT_PRODUCTS_DIR)/Shellp.app/Shellp";
			};
			name = Release;
		};
/* End XCBuildConfiguration section */

/* Begin XCConfigurationList section */
		B3ED5DDD19EE1B6D00897C1E /* Build configuration list for PBXProject "Shellp" */ = {
			isa = XCConfigurationList;
			buildConfigurations = (
				B3ED5DFF19EE1B6F00897C1E /* Debug */,
				B3ED5E0019EE1B6F00897C1E /* Release */,
			);
			defaultConfigurationIsVisible = 0;
			defaultConfigurationName = Release;
		};
		B3ED5E0119EE1B6F00897C1E /* Build configuration list for PBXNativeTarget "Shellp" */ = {
			isa = XCConfigurationList;
			buildConfigurations = (
				B3ED5E0219EE1B6F00897C1E /* Debug */,
				B3ED5E0319EE1B6F00897C1E /* Release */,
			);
			defaultConfigurationIsVisible = 0;
		};
		B3ED5E0419EE1B6F00897C1E /* Build configuration list for PBXNativeTarget "ShellpTests" */ = {
			isa = XCConfigurationList;
			buildConfigurations = (
				B3ED5E0519EE1B6F00897C1E /* Debug */,
				B3ED5E0619EE1B6F00897C1E /* Release */,
			);
			defaultConfigurationIsVisible = 0;
		};
/* End XCConfigurationList section */
	};
	rootObject = B3ED5DDA19EE1B6D00897C1E /* Project object */;
}
